
Microsoft Visual Studio Solution File, Format Version 12.00
# Visual Studio 15
VisualStudioVersion = 15.0.28010.2036
MinimumVisualStudioVersion = 10.0.40219.1
Project("{FAE04EC0-301F-11D3-BF4B-00C04F79EFBC}") = "Site_Final_Mining", "Site_Final_Mining\Site_Final_Mining.csproj", "{D7958AB5-91CD-4415-9EFC-86C4C4B92143}"
EndProject
Global
	GlobalSection(SolutionConfigurationPlatforms) = preSolution
		Debug|Any CPU = Debug|Any CPU
		Release|Any CPU = Release|Any CPU
	EndGlobalSection
	GlobalSection(ProjectConfigurationPlatforms) = postSolution
		{D7958AB5-91CD-4415-9EFC-86C4C4B92143}.Debug|Any CPU.ActiveCfg = Debug|Any CPU
		{D7958AB5-91CD-4415-9EFC-86C4C4B92143}.Debug|Any CPU.Build.0 = Debug|Any CPU
		{D7958AB5-91CD-4415-9EFC-86C4C4B92143}.Release|Any CPU.ActiveCfg = Release|Any CPU
		{D7958AB5-91CD-4415-9EFC-86C4C4B92143}.Release|Any CPU.Build.0 = Release|Any CPU
	EndGlobalSection
	GlobalSection(SolutionProperties) = preSolution
		HideSolutionNode = FALSE
	EndGlobalSection
	GlobalSection(ExtensibilityGlobals) = postSolution
		SolutionGuid = {1D204FD1-E70D-4107-A42C-6E8CA34556BD}
	EndGlobalSection
EndGlobal
